
Microsoft Visual Studio Solution File, Format Version 12.00
# Visual Studio Version 17
VisualStudioVersion = 17.1.32228.430
MinimumVisualStudioVersion = 10.0.40219.1
Project("{8BC9CEB8-8B4A-11D0-8D11-00A0C91BC942}") = "test_thread", "test_thread.vcxproj", "{DD322993-65D9-49A0-B2BE-D8E12E010183}"
EndProject
Global
	GlobalSection(SolutionConfigurationPlatforms) = preSolution
		Debug|x64 = Debug|x64
		Debug|x86 = Debug|x86
		Release|x64 = Release|x64
		Release|x86 = Release|x86
	EndGlobalSection
	GlobalSection(ProjectConfigurationPlatforms) = postSolution
		{DD322993-65D9-49A0-B2BE-D8E12E010183}.Debug|x64.ActiveCfg = Debug|x64
		{DD322993-65D9-49A0-B2BE-D8E12E010183}.Debug|x64.Build.0 = Debug|x64
		{DD322993-65D9-49A0-B2BE-D8E12E010183}.Debug|x86.ActiveCfg = Debug|Win32
		{DD322993-65D9-49A0-B2BE-D8E12E010183}.Debug|x86.Build.0 = Debug|Win32
		{DD322993-65D9-49A0-B2BE-D8E12E010183}.Release|x64.ActiveCfg = Release|x64
		{DD322993-65D9-49A0-B2BE-D8E12E010183}.Release|x64.Build.0 = Release|x64
		{DD322993-65D9-49A0-B2BE-D8E12E010183}.Release|x86.ActiveCfg = Release|Win32
		{DD322993-65D9-49A0-B2BE-D8E12E010183}.Release|x86.Build.0 = Release|Win32
	EndGlobalSection
	GlobalSection(SolutionProperties) = preSolution
		HideSolutionNode = FALSE
	EndGlobalSection
	GlobalSection(ExtensibilityGlobals) = postSolution
		SolutionGuid = {EFC4F56D-9A44-42AA-A937-580363F2A9CD}
	EndGlobalSection
EndGlobal
